
Microsoft Visual Studio Solution File, Format Version 12.00
Project("{FAE04EC0-301F-11D3-BF4B-00C04F79EFBC}") = "lab12", "lab12.csproj", "{5523A66F-719A-4F20-8112-A269D4482EF1}"
EndProject
Global
	GlobalSection(SolutionConfigurationPlatforms) = preSolution
		Debug|Any CPU = Debug|Any CPU
		Release|Any CPU = Release|Any CPU
	EndGlobalSection
	GlobalSection(ProjectConfigurationPlatforms) = postSolution
		{5523A66F-719A-4F20-8112-A269D4482EF1}.Debug|Any CPU.ActiveCfg = Debug|Any CPU
		{5523A66F-719A-4F20-8112-A269D4482EF1}.Debug|Any CPU.Build.0 = Debug|Any CPU
		{5523A66F-719A-4F20-8112-A269D4482EF1}.Release|Any CPU.ActiveCfg = Release|Any CPU
		{5523A66F-719A-4F20-8112-A269D4482EF1}.Release|Any CPU.Build.0 = Release|Any CPU
	EndGlobalSection
EndGlobal
